// !$*UTF8*$!
{
	archiveVersion = 1;
	classes = {
	};
	objectVersion = 50;
	objects = {

/* Begin PBXBuildFile section */
		3A4497DB26BAA89A001CB1C9 /* FollowMeApp.swift in Sources */ = {isa = PBXBuildFile; fileRef = 3A4497DA26BAA89A001CB1C9 /* FollowMeApp.swift */; };
		3A4497DD26BAA89A001CB1C9 /* MyMapView.swift in Sources */ = {isa = PBXBuildFile; fileRef = 3A4497DC26BAA89A001CB1C9 /* MyMapView.swift */; };
		3A4497DF26BAA8A2001CB1C9 /* Assets.xcassets in Resources */ = {isa = PBXBuildFile; fileRef = 3A4497DE26BAA8A2001CB1C9 /* Assets.xcassets */; };
		3A4497E226BAA8A2001CB1C9 /* Preview Assets.xcassets in Resources */ = {isa = PBXBuildFile; fileRef = 3A4497E126BAA8A2001CB1C9 /* Preview Assets.xcassets */; };
		3A4497ED26BAA8A2001CB1C9 /* FollowMeTests.swift in Sources */ = {isa = PBXBuildFile; fileRef = 3A4497EC26BAA8A2001CB1C9 /* FollowMeTests.swift */; };
		3A4497F826BAA8A3001CB1C9 /* FollowMeUITests.swift in Sources */ = {isa = PBXBuildFile; fileRef = 3A4497F726BAA8A3001CB1C9 /* FollowMeUITests.swift */; };
		3A44980826BAA969001CB1C9 /* MyMapViewViewModel.swift in Sources */ = {isa = PBXBuildFile; fileRef = 3A44980726BAA969001CB1C9 /* MyMapViewViewModel.swift */; };
		3A44980B26BAAB58001CB1C9 /* LocationProviderType.swift in Sources */ = {isa = PBXBuildFile; fileRef = 3A44980A26BAAB58001CB1C9 /* LocationProviderType.swift */; };
		3A44980D26BAAC8E001CB1C9 /* CoreLocationProvider.swift in Sources */ = {isa = PBXBuildFile; fileRef = 3A44980C26BAAC8E001CB1C9 /* CoreLocationProvider.swift */; };
		3A44981326BACA01001CB1C9 /* ApplicationSettingsProvider.swift in Sources */ = {isa = PBXBuildFile; fileRef = 3A44981226BACA01001CB1C9 /* ApplicationSettingsProvider.swift */; };
		3A44981526BACED6001CB1C9 /* MockLocationProvider.swift in Sources */ = {isa = PBXBuildFile; fileRef = 3A44981426BACED6001CB1C9 /* MockLocationProvider.swift */; };
		3A44981826BAD4E4001CB1C9 /* PrimaryButton.swift in Sources */ = {isa = PBXBuildFile; fileRef = 3A44981726BAD4E4001CB1C9 /* PrimaryButton.swift */; };
/* End PBXBuildFile section */

/* Begin PBXContainerItemProxy section */
		3A4497E926BAA8A2001CB1C9 /* PBXContainerItemProxy */ = {
			isa = PBXContainerItemProxy;
			containerPortal = 3A4497CF26BAA89A001CB1C9 /* Project object */;
			proxyType = 1;
			remoteGlobalIDString = 3A4497D626BAA89A001CB1C9;
			remoteInfo = FollowMe;
		};
		3A4497F426BAA8A2001CB1C9 /* PBXContainerItemProxy */ = {
			isa = PBXContainerItemProxy;
			containerPortal = 3A4497CF26BAA89A001CB1C9 /* Project object */;
			proxyType = 1;
			remoteGlobalIDString = 3A4497D626BAA89A001CB1C9;
			remoteInfo = FollowMe;
		};
/* End PBXContainerItemProxy section */

/* Begin PBXFileReference section */
		3A4497D726BAA89A001CB1C9 /* FollowMe.app */ = {isa = PBXFileReference; explicitFileType = wrapper.application; includeInIndex = 0; path = FollowMe.app; sourceTree = BUILT_PRODUCTS_DIR; };
		3A4497DA26BAA89A001CB1C9 /* FollowMeApp.swift */ = {isa = PBXFileReference; lastKnownFileType = sourcecode.swift; path = FollowMeApp.swift; sourceTree = "<group>"; };
		3A4497DC26BAA89A001CB1C9 /* MyMapView.swift */ = {isa = PBXFileReference; lastKnownFileType = sourcecode.swift; path = MyMapView.swift; sourceTree = "<group>"; };
		3A4497DE26BAA8A2001CB1C9 /* Assets.xcassets */ = {isa = PBXFileReference; lastKnownFileType = folder.assetcatalog; path = Assets.xcassets; sourceTree = "<group>"; };
		3A4497E126BAA8A2001CB1C9 /* Preview Assets.xcassets */ = {isa = PBXFileReference; lastKnownFileType = folder.assetcatalog; path = "Preview Assets.xcassets"; sourceTree = "<group>"; };
		3A4497E326BAA8A2001CB1C9 /* Info.plist */ = {isa = PBXFileReference; lastKnownFileType = text.plist.xml; path = Info.plist; sourceTree = "<group>"; };
		3A4497E826BAA8A2001CB1C9 /* FollowMeTests.xctest */ = {isa = PBXFileReference; explicitFileType = wrapper.cfbundle; includeInIndex = 0; path = FollowMeTests.xctest; sourceTree = BUILT_PRODUCTS_DIR; };
		3A4497EC26BAA8A2001CB1C9 /* FollowMeTests.swift */ = {isa = PBXFileReference; lastKnownFileType = sourcecode.swift; path = FollowMeTests.swift; sourceTree = "<group>"; };
		3A4497EE26BAA8A2001CB1C9 /* Info.plist */ = {isa = PBXFileReference; lastKnownFileType = text.plist.xml; path = Info.plist; sourceTree = "<group>"; };
		3A4497F326BAA8A2001CB1C9 /* FollowMeUITests.xctest */ = {isa = PBXFileReference; explicitFileType = wrapper.cfbundle; includeInIndex = 0; path = FollowMeUITests.xctest; sourceTree = BUILT_PRODUCTS_DIR; };
		3A4497F726BAA8A3001CB1C9 /* FollowMeUITests.swift */ = {isa = PBXFileReference; lastKnownFileType = sourcecode.swift; path = FollowMeUITests.swift; sourceTree = "<group>"; };
		3A4497F926BAA8A3001CB1C9 /* Info.plist */ = {isa = PBXFileReference; lastKnownFileType = text.plist.xml; path = Info.plist; sourceTree = "<group>"; };
		3A44980726BAA969001CB1C9 /* MyMapViewViewModel.swift */ = {isa = PBXFileReference; lastKnownFileType = sourcecode.swift; path = MyMapViewViewModel.swift; sourceTree = "<group>"; };
		3A44980A26BAAB58001CB1C9 /* LocationProviderType.swift */ = {isa = PBXFileReference; lastKnownFileType = sourcecode.swift; path = LocationProviderType.swift; sourceTree = "<group>"; };
		3A44980C26BAAC8E001CB1C9 /* CoreLocationProvider.swift */ = {isa = PBXFileReference; lastKnownFileType = sourcecode.swift; path = CoreLocationProvider.swift; sourceTree = "<group>"; };
		3A44981226BACA01001CB1C9 /* ApplicationSettingsProvider.swift */ = {isa = PBXFileReference; lastKnownFileType = sourcecode.swift; path = ApplicationSettingsProvider.swift; sourceTree = "<group>"; };
		3A44981426BACED6001CB1C9 /* MockLocationProvider.swift */ = {isa = PBXFileReference; lastKnownFileType = sourcecode.swift; path = MockLocationProvider.swift; sourceTree = "<group>"; };
		3A44981726BAD4E4001CB1C9 /* PrimaryButton.swift */ = {isa = PBXFileReference; lastKnownFileType = sourcecode.swift; path = PrimaryButton.swift; sourceTree = "<group>"; };
		3A44981926BAD67E001CB1C9 /* README.md */ = {isa = PBXFileReference; lastKnownFileType = net.daringfireball.markdown; path = README.md; sourceTree = "<group>"; };
/* End PBXFileReference section */

/* Begin PBXFrameworksBuildPhase section */
		3A4497D426BAA89A001CB1C9 /* Frameworks */ = {
			isa = PBXFrameworksBuildPhase;
			buildActionMask = 2147483647;
			files = (
			);
			runOnlyForDeploymentPostprocessing = 0;
		};
		3A4497E526BAA8A2001CB1C9 /* Frameworks */ = {
			isa = PBXFrameworksBuildPhase;
			buildActionMask = 2147483647;
			files = (
			);
			runOnlyForDeploymentPostprocessing = 0;
		};
		3A4497F026BAA8A2001CB1C9 /* Frameworks */ = {
			isa = PBXFrameworksBuildPhase;
			buildActionMask = 2147483647;
			files = (
			);
			runOnlyForDeploymentPostprocessing = 0;
		};
/* End PBXFrameworksBuildPhase section */

/* Begin PBXGroup section */
		3A4497CE26BAA89A001CB1C9 = {
			isa = PBXGroup;
			children = (
				3A44981926BAD67E001CB1C9 /* README.md */,
				3A4497D926BAA89A001CB1C9 /* FollowMe */,
				3A4497EB26BAA8A2001CB1C9 /* FollowMeTests */,
				3A4497F626BAA8A3001CB1C9 /* FollowMeUITests */,
				3A4497D826BAA89A001CB1C9 /* Products */,
			);
			sourceTree = "<group>";
		};
		3A4497D826BAA89A001CB1C9 /* Products */ = {
			isa = PBXGroup;
			children = (
				3A4497D726BAA89A001CB1C9 /* FollowMe.app */,
				3A4497E826BAA8A2001CB1C9 /* FollowMeTests.xctest */,
				3A4497F326BAA8A2001CB1C9 /* FollowMeUITests.xctest */,
			);
			name = Products;
			sourceTree = "<group>";
		};
		3A4497D926BAA89A001CB1C9 /* FollowMe */ = {
			isa = PBXGroup;
			children = (
				3A44981A26BAD719001CB1C9 /* Application */,
				3A44981626BAD4CF001CB1C9 /* View Extensions  */,
				3A44980926BAAB3C001CB1C9 /* Data Providers */,
				3A44980626BAA8C0001CB1C9 /* ViewModels */,
				3A44980526BAA8BB001CB1C9 /* Views */,
				3A4497DE26BAA8A2001CB1C9 /* Assets.xcassets */,
				3A4497E326BAA8A2001CB1C9 /* Info.plist */,
				3A4497E026BAA8A2001CB1C9 /* Preview Content */,
			);
			path = FollowMe;
			sourceTree = "<group>";
		};
		3A4497E026BAA8A2001CB1C9 /* Preview Content */ = {
			isa = PBXGroup;
			children = (
				3A4497E126BAA8A2001CB1C9 /* Preview Assets.xcassets */,
			);
			path = "Preview Content";
			sourceTree = "<group>";
		};
		3A4497EB26BAA8A2001CB1C9 /* FollowMeTests */ = {
			isa = PBXGroup;
			children = (
				3A44981426BACED6001CB1C9 /* MockLocationProvider.swift */,
				3A4497EC26BAA8A2001CB1C9 /* FollowMeTests.swift */,
				3A4497EE26BAA8A2001CB1C9 /* Info.plist */,
			);
			path = FollowMeTests;
			sourceTree = "<group>";
		};
		3A4497F626BAA8A3001CB1C9 /* FollowMeUITests */ = {
			isa = PBXGroup;
			children = (
				3A4497F726BAA8A3001CB1C9 /* FollowMeUITests.swift */,
				3A4497F926BAA8A3001CB1C9 /* Info.plist */,
			);
			path = FollowMeUITests;
			sourceTree = "<group>";
		};
		3A44980526BAA8BB001CB1C9 /* Views */ = {
			isa = PBXGroup;
			children = (
				3A4497DC26BAA89A001CB1C9 /* MyMapView.swift */,
			);
			path = Views;
			sourceTree = "<group>";
		};
		3A44980626BAA8C0001CB1C9 /* ViewModels */ = {
			isa = PBXGroup;
			children = (
				3A44980726BAA969001CB1C9 /* MyMapViewViewModel.swift */,
			);
			path = ViewModels;
			sourceTree = "<group>";
		};
		3A44980926BAAB3C001CB1C9 /* Data Providers */ = {
			isa = PBXGroup;
			children = (
				3A44980A26BAAB58001CB1C9 /* LocationProviderType.swift */,
				3A44980C26BAAC8E001CB1C9 /* CoreLocationProvider.swift */,
				3A44981226BACA01001CB1C9 /* ApplicationSettingsProvider.swift */,
			);
			path = "Data Providers";
			sourceTree = "<group>";
		};
		3A44981626BAD4CF001CB1C9 /* View Extensions  */ = {
			isa = PBXGroup;
			children = (
				3A44981726BAD4E4001CB1C9 /* PrimaryButton.swift */,
			);
			path = "View Extensions ";
			sourceTree = "<group>";
		};
		3A44981A26BAD719001CB1C9 /* Application */ = {
			isa = PBXGroup;
			children = (
				3A4497DA26BAA89A001CB1C9 /* FollowMeApp.swift */,
			);
			path = Application;
			sourceTree = "<group>";
		};
/* End PBXGroup section */

/* Begin PBXNativeTarget section */
		3A4497D626BAA89A001CB1C9 /* FollowMe */ = {
			isa = PBXNativeTarget;
			buildConfigurationList = 3A4497FC26BAA8A3001CB1C9 /* Build configuration list for PBXNativeTarget "FollowMe" */;
			buildPhases = (
				3A4497D326BAA89A001CB1C9 /* Sources */,
				3A4497D426BAA89A001CB1C9 /* Frameworks */,
				3A4497D526BAA89A001CB1C9 /* Resources */,
			);
			buildRules = (
			);
			dependencies = (
			);
			name = FollowMe;
			productName = FollowMe;
			productReference = 3A4497D726BAA89A001CB1C9 /* FollowMe.app */;
			productType = "com.apple.product-type.application";
		};
		3A4497E726BAA8A2001CB1C9 /* FollowMeTests */ = {
			isa = PBXNativeTarget;
			buildConfigurationList = 3A4497FF26BAA8A3001CB1C9 /* Build configuration list for PBXNativeTarget "FollowMeTests" */;
			buildPhases = (
				3A4497E426BAA8A2001CB1C9 /* Sources */,
				3A4497E526BAA8A2001CB1C9 /* Frameworks */,
				3A4497E626BAA8A2001CB1C9 /* Resources */,
			);
			buildRules = (
			);
			dependencies = (
				3A4497EA26BAA8A2001CB1C9 /* PBXTargetDependency */,
			);
			name = FollowMeTests;
			productName = FollowMeTests;
			productReference = 3A4497E826BAA8A2001CB1C9 /* FollowMeTests.xctest */;
			productType = "com.apple.product-type.bundle.unit-test";
		};
		3A4497F226BAA8A2001CB1C9 /* FollowMeUITests */ = {
			isa = PBXNativeTarget;
			buildConfigurationList = 3A44980226BAA8A3001CB1C9 /* Build configuration list for PBXNativeTarget "FollowMeUITests" */;
			buildPhases = (
				3A4497EF26BAA8A2001CB1C9 /* Sources */,
				3A4497F026BAA8A2001CB1C9 /* Frameworks */,
				3A4497F126BAA8A2001CB1C9 /* Resources */,
			);
			buildRules = (
			);
			dependencies = (
				3A4497F526BAA8A2001CB1C9 /* PBXTargetDependency */,
			);
			name = FollowMeUITests;
			productName = FollowMeUITests;
			productReference = 3A4497F326BAA8A2001CB1C9 /* FollowMeUITests.xctest */;
			productType = "com.apple.product-type.bundle.ui-testing";
		};
/* End PBXNativeTarget section */

/* Begin PBXProject section */
		3A4497CF26BAA89A001CB1C9 /* Project object */ = {
			isa = PBXProject;
			attributes = {
				LastSwiftUpdateCheck = 1250;
				LastUpgradeCheck = 1250;
				TargetAttributes = {
					3A4497D626BAA89A001CB1C9 = {
						CreatedOnToolsVersion = 12.5.1;
					};
					3A4497E726BAA8A2001CB1C9 = {
						CreatedOnToolsVersion = 12.5.1;
						TestTargetID = 3A4497D626BAA89A001CB1C9;
					};
					3A4497F226BAA8A2001CB1C9 = {
						CreatedOnToolsVersion = 12.5.1;
						TestTargetID = 3A4497D626BAA89A001CB1C9;
					};
				};
			};
			buildConfigurationList = 3A4497D226BAA89A001CB1C9 /* Build configuration list for PBXProject "FollowMe" */;
			compatibilityVersion = "Xcode 9.3";
			developmentRegion = en;
			hasScannedForEncodings = 0;
			knownRegions = (
				en,
				Base,
			);
			mainGroup = 3A4497CE26BAA89A001CB1C9;
			productRefGroup = 3A4497D826BAA89A001CB1C9 /* Products */;
			projectDirPath = "";
			projectRoot = "";
			targets = (
				3A4497D626BAA89A001CB1C9 /* FollowMe */,
				3A4497E726BAA8A2001CB1C9 /* FollowMeTests */,
				3A4497F226BAA8A2001CB1C9 /* FollowMeUITests */,
			);
		};
/* End PBXProject section */

/* Begin PBXResourcesBuildPhase section */
		3A4497D526BAA89A001CB1C9 /* Resources */ = {
			isa = PBXResourcesBuildPhase;
			buildActionMask = 2147483647;
			files = (
				3A4497E226BAA8A2001CB1C9 /* Preview Assets.xcassets in Resources */,
				3A4497DF26BAA8A2001CB1C9 /* Assets.xcassets in Resources */,
			);
			runOnlyForDeploymentPostprocessing = 0;
		};
		3A4497E626BAA8A2001CB1C9 /* Resources */ = {
			isa = PBXResourcesBuildPhase;
			buildActionMask = 2147483647;
			files = (
			);
			runOnlyForDeploymentPostprocessing = 0;
		};
		3A4497F126BAA8A2001CB1C9 /* Resources */ = {
			isa = PBXResourcesBuildPhase;
			buildActionMask = 2147483647;
			files = (
			);
			runOnlyForDeploymentPostprocessing = 0;
		};
/* End PBXResourcesBuildPhase section */

/* Begin PBXSourcesBuildPhase section */
		3A4497D326BAA89A001CB1C9 /* Sources */ = {
			isa = PBXSourcesBuildPhase;
			buildActionMask = 2147483647;
			files = (
				3A44981326BACA01001CB1C9 /* ApplicationSettingsProvider.swift in Sources */,
				3A44980D26BAAC8E001CB1C9 /* CoreLocationProvider.swift in Sources */,
				3A4497DD26BAA89A001CB1C9 /* MyMapView.swift in Sources */,
				3A44980826BAA969001CB1C9 /* MyMapViewViewModel.swift in Sources */,
				3A44981826BAD4E4001CB1C9 /* PrimaryButton.swift in Sources */,
				3A4497DB26BAA89A001CB1C9 /* FollowMeApp.swift in Sources */,
				3A44980B26BAAB58001CB1C9 /* LocationProviderType.swift in Sources */,
			);
			runOnlyForDeploymentPostprocessing = 0;
		};
		3A4497E426BAA8A2001CB1C9 /* Sources */ = {
			isa = PBXSourcesBuildPhase;
			buildActionMask = 2147483647;
			files = (
				3A4497ED26BAA8A2001CB1C9 /* FollowMeTests.swift in Sources */,
				3A44981526BACED6001CB1C9 /* MockLocationProvider.swift in Sources */,
			);
			runOnlyForDeploymentPostprocessing = 0;
		};
		3A4497EF26BAA8A2001CB1C9 /* Sources */ = {
			isa = PBXSourcesBuildPhase;
			buildActionMask = 2147483647;
			files = (
				3A4497F826BAA8A3001CB1C9 /* FollowMeUITests.swift in Sources */,
			);
			runOnlyForDeploymentPostprocessing = 0;
		};
/* End PBXSourcesBuildPhase section */

/* Begin PBXTargetDependency section */
		3A4497EA26BAA8A2001CB1C9 /* PBXTargetDependency */ = {
			isa = PBXTargetDependency;
			target = 3A4497D626BAA89A001CB1C9 /* FollowMe */;
			targetProxy = 3A4497E926BAA8A2001CB1C9 /* PBXContainerItemProxy */;
		};
		3A4497F526BAA8A2001CB1C9 /* PBXTargetDependency */ = {
			isa = PBXTargetDependency;
			target = 3A4497D626BAA89A001CB1C9 /* FollowMe */;
			targetProxy = 3A4497F426BAA8A2001CB1C9 /* PBXContainerItemProxy */;
		};
/* End PBXTargetDependency section */

/* Begin XCBuildConfiguration section */
		3A4497FA26BAA8A3001CB1C9 /* Debug */ = {
			isa = XCBuildConfiguration;
			buildSettings = {
				ALWAYS_SEARCH_USER_PATHS = NO;
				CLANG_ANALYZER_NONNULL = YES;
				CLANG_ANALYZER_NUMBER_OBJECT_CONVERSION = YES_AGGRESSIVE;
				CLANG_CXX_LANGUAGE_STANDARD = "gnu++14";
				CLANG_CXX_LIBRARY = "libc++";
				CLANG_ENABLE_MODULES = YES;
				CLANG_ENABLE_OBJC_ARC = YES;
				CLANG_ENABLE_OBJC_WEAK = YES;
				CLANG_WARN_BLOCK_CAPTURE_AUTORELEASING = YES;
				CLANG_WARN_BOOL_CONVERSION = YES;
				CLANG_WARN_COMMA = YES;
				CLANG_WARN_CONSTANT_CONVERSION = YES;
				CLANG_WARN_DEPRECATED_OBJC_IMPLEMENTATIONS = YES;
				CLANG_WARN_DIRECT_OBJC_ISA_USAGE = YES_ERROR;
				CLANG_WARN_DOCUMENTATION_COMMENTS = YES;
				CLANG_WARN_EMPTY_BODY = YES;
				CLANG_WARN_ENUM_CONVERSION = YES;
				CLANG_WARN_INFINITE_RECURSION = YES;
				CLANG_WARN_INT_CONVERSION = YES;
				CLANG_WARN_NON_LITERAL_NULL_CONVERSION = YES;
				CLANG_WARN_OBJC_IMPLICIT_RETAIN_SELF = YES;
				CLANG_WARN_OBJC_LITERAL_CONVERSION = YES;
				CLANG_WARN_OBJC_ROOT_CLASS = YES_ERROR;
				CLANG_WARN_QUOTED_INCLUDE_IN_FRAMEWORK_HEADER = YES;
				CLANG_WARN_RANGE_LOOP_ANALYSIS = YES;
				CLANG_WARN_STRICT_PROTOTYPES = YES;
				CLANG_WARN_SUSPICIOUS_MOVE = YES;
				CLANG_WARN_UNGUARDED_AVAILABILITY = YES_AGGRESSIVE;
				CLANG_WARN_UNREACHABLE_CODE = YES;
				CLANG_WARN__DUPLICATE_METHOD_MATCH = YES;
				COPY_PHASE_STRIP = NO;
				DEBUG_INFORMATION_FORMAT = dwarf;
				ENABLE_STRICT_OBJC_MSGSEND = YES;
				ENABLE_TESTABILITY = YES;
				GCC_C_LANGUAGE_STANDARD = gnu11;
				GCC_DYNAMIC_NO_PIC = NO;
				GCC_NO_COMMON_BLOCKS = YES;
				GCC_OPTIMIZATION_LEVEL = 0;
				GCC_PREPROCESSOR_DEFINITIONS = (
					"DEBUG=1",
					"$(inherited)",
				);
				GCC_WARN_64_TO_32_BIT_CONVERSION = YES;
				GCC_WARN_ABOUT_RETURN_TYPE = YES_ERROR;
				GCC_WARN_UNDECLARED_SELECTOR = YES;
				GCC_WARN_UNINITIALIZED_AUTOS = YES_AGGRESSIVE;
				GCC_WARN_UNUSED_FUNCTION = YES;
				GCC_WARN_UNUSED_VARIABLE = YES;
				IPHONEOS_DEPLOYMENT_TARGET = 14.5;
				MTL_ENABLE_DEBUG_INFO = INCLUDE_SOURCE;
				MTL_FAST_MATH = YES;
				ONLY_ACTIVE_ARCH = YES;
				SDKROOT = iphoneos;
				SWIFT_ACTIVE_COMPILATION_CONDITIONS = DEBUG;
				SWIFT_OPTIMIZATION_LEVEL = "-Onone";
			};
			name = Debug;
		};
		3A4497FB26BAA8A3001CB1C9 /* Release */ = {
			isa = XCBuildConfiguration;
			buildSettings = {
				ALWAYS_SEARCH_USER_PATHS = NO;
				CLANG_ANALYZER_NONNULL = YES;
				CLANG_ANALYZER_NUMBER_OBJECT_CONVERSION = YES_AGGRESSIVE;
				CLANG_CXX_LANGUAGE_STANDARD = "gnu++14";
				CLANG_CXX_LIBRARY = "libc++";
				CLANG_ENABLE_MODULES = YES;
				CLANG_ENABLE_OBJC_ARC = YES;
				CLANG_ENABLE_OBJC_WEAK = YES;
				CLANG_WARN_BLOCK_CAPTURE_AUTORELEASING = YES;
				CLANG_WARN_BOOL_CONVERSION = YES;
				CLANG_WARN_COMMA = YES;
				CLANG_WARN_CONSTANT_CONVERSION = YES;
				CLANG_WARN_DEPRECATED_OBJC_IMPLEMENTATIONS = YES;
				CLANG_WARN_DIRECT_OBJC_ISA_USAGE = YES_ERROR;
				CLANG_WARN_DOCUMENTATION_COMMENTS = YES;
				CLANG_WARN_EMPTY_BODY = YES;
				CLANG_WARN_ENUM_CONVERSION = YES;
				CLANG_WARN_INFINITE_RECURSION = YES;
				CLANG_WARN_INT_CONVERSION = YES;
				CLANG_WARN_NON_LITERAL_NULL_CONVERSION = YES;
				CLANG_WARN_OBJC_IMPLICIT_RETAIN_SELF = YES;
				CLANG_WARN_OBJC_LITERAL_CONVERSION = YES;
				CLANG_WARN_OBJC_ROOT_CLASS = YES_ERROR;
				CLANG_WARN_QUOTED_INCLUDE_IN_FRAMEWORK_HEADER = YES;
				CLANG_WARN_RANGE_LOOP_ANALYSIS = YES;
				CLANG_WARN_STRICT_PROTOTYPES = YES;
				CLANG_WARN_SUSPICIOUS_MOVE = YES;
				CLANG_WARN_UNGUARDED_AVAILABILITY = YES_AGGRESSIVE;
				CLANG_WARN_UNREACHABLE_CODE = YES;
				CLANG_WARN__DUPLICATE_METHOD_MATCH = YES;
				COPY_PHASE_STRIP = NO;
				DEBUG_INFORMATION_FORMAT = "dwarf-with-dsym";
				ENABLE_NS_ASSERTIONS = NO;
				ENABLE_STRICT_OBJC_MSGSEND = YES;
				GCC_C_LANGUAGE_STANDARD = gnu11;
				GCC_NO_COMMON_BLOCKS = YES;
				GCC_WARN_64_TO_32_BIT_CONVERSION = YES;
				GCC_WARN_ABOUT_RETURN_TYPE = YES_ERROR;
				GCC_WARN_UNDECLARED_SELECTOR = YES;
				GCC_WARN_UNINITIALIZED_AUTOS = YES_AGGRESSIVE;
				GCC_WARN_UNUSED_FUNCTION = YES;
				GCC_WARN_UNUSED_VARIABLE = YES;
				IPHONEOS_DEPLOYMENT_TARGET = 14.5;
				MTL_ENABLE_DEBUG_INFO = NO;
				MTL_FAST_MATH = YES;
				SDKROOT = iphoneos;
				SWIFT_COMPILATION_MODE = wholemodule;
				SWIFT_OPTIMIZATION_LEVEL = "-O";
				VALIDATE_PRODUCT = YES;
			};
			name = Release;
		};
		3A4497FD26BAA8A3001CB1C9 /* Debug */ = {
			isa = XCBuildConfiguration;
			buildSettings = {
				ASSETCATALOG_COMPILER_APPICON_NAME = AppIcon;
				ASSETCATALOG_COMPILER_GLOBAL_ACCENT_COLOR_NAME = AccentColor;
				CODE_SIGN_STYLE = Automatic;
				DEVELOPMENT_ASSET_PATHS = "\"FollowMe/Preview Content\"";
				DEVELOPMENT_TEAM = 4AL2UK5Z4U;
				ENABLE_PREVIEWS = YES;
				INFOPLIST_FILE = FollowMe/Info.plist;
				IPHONEOS_DEPLOYMENT_TARGET = 14.0;
				LD_RUNPATH_SEARCH_PATHS = (
					"$(inherited)",
					"@executable_path/Frameworks",
				);
				PRODUCT_BUNDLE_IDENTIFIER = "com.phychic-owl.FollowMe";
				PRODUCT_NAME = "$(TARGET_NAME)";
				SWIFT_VERSION = 5.0;
				TARGETED_DEVICE_FAMILY = "1,2";
			};
			name = Debug;
		};
		3A4497FE26BAA8A3001CB1C9 /* Release */ = {
			isa = XCBuildConfiguration;
			buildSettings = {
				ASSETCATALOG_COMPILER_APPICON_NAME = AppIcon;
				ASSETCATALOG_COMPILER_GLOBAL_ACCENT_COLOR_NAME = AccentColor;
				CODE_SIGN_STYLE = Automatic;
				DEVELOPMENT_ASSET_PATHS = "\"FollowMe/Preview Content\"";
				DEVELOPMENT_TEAM = 4AL2UK5Z4U;
				ENABLE_PREVIEWS = YES;
				INFOPLIST_FILE = FollowMe/Info.plist;
				IPHONEOS_DEPLOYMENT_TARGET = 14.0;
				LD_RUNPATH_SEARCH_PATHS = (
					"$(inherited)",
					"@executable_path/Frameworks",
				);
				PRODUCT_BUNDLE_IDENTIFIER = "com.phychic-owl.FollowMe";
				PRODUCT_NAME = "$(TARGET_NAME)";
				SWIFT_VERSION = 5.0;
				TARGETED_DEVICE_FAMILY = "1,2";
			};
			name = Release;
		};
		3A44980026BAA8A3001CB1C9 /* Debug */ = {
			isa = XCBuildConfiguration;
			buildSettings = {
				ALWAYS_EMBED_SWIFT_STANDARD_LIBRARIES = YES;
				BUNDLE_LOADER = "$(TEST_HOST)";
				CODE_SIGN_STYLE = Automatic;
				DEVELOPMENT_TEAM = 4AL2UK5Z4U;
				INFOPLIST_FILE = FollowMeTests/Info.plist;
				IPHONEOS_DEPLOYMENT_TARGET = 14.0;
				LD_RUNPATH_SEARCH_PATHS = (
					"$(inherited)",
					"@executable_path/Frameworks",
					"@loader_path/Frameworks",
				);
				PRODUCT_BUNDLE_IDENTIFIER = com.example.FollowMeTests;
				PRODUCT_NAME = "$(TARGET_NAME)";
				SWIFT_VERSION = 5.0;
				TARGETED_DEVICE_FAMILY = "1,2";
				TEST_HOST = "$(BUILT_PRODUCTS_DIR)/FollowMe.app/FollowMe";
			};
			name = Debug;
		};
		3A44980126BAA8A3001CB1C9 /* Release */ = {
			isa = XCBuildConfiguration;
			buildSettings = {
				ALWAYS_EMBED_SWIFT_STANDARD_LIBRARIES = YES;
				BUNDLE_LOADER = "$(TEST_HOST)";
				CODE_SIGN_STYLE = Automatic;
				DEVELOPMENT_TEAM = 4AL2UK5Z4U;
				INFOPLIST_FILE = FollowMeTests/Info.plist;
				IPHONEOS_DEPLOYMENT_TARGET = 14.0;
				LD_RUNPATH_SEARCH_PATHS = (
					"$(inherited)",
					"@executable_path/Frameworks",
					"@loader_path/Frameworks",
				);
				PRODUCT_BUNDLE_IDENTIFIER = com.example.FollowMeTests;
				PRODUCT_NAME = "$(TARGET_NAME)";
				SWIFT_VERSION = 5.0;
				TARGETED_DEVICE_FAMILY = "1,2";
				TEST_HOST = "$(BUILT_PRODUCTS_DIR)/FollowMe.app/FollowMe";
			};
			name = Release;
		};
		3A44980326BAA8A3001CB1C9 /* Debug */ = {
			isa = XCBuildConfiguration;
			buildSettings = {
				ALWAYS_EMBED_SWIFT_STANDARD_LIBRARIES = YES;
				CODE_SIGN_STYLE = Automatic;
				DEVELOPMENT_TEAM = 4AL2UK5Z4U;
				INFOPLIST_FILE = FollowMeUITests/Info.plist;
				LD_RUNPATH_SEARCH_PATHS = (
					"$(inherited)",
					"@executable_path/Frameworks",
					"@loader_path/Frameworks",
				);
				PRODUCT_BUNDLE_IDENTIFIER = com.example.FollowMeUITests;
				PRODUCT_NAME = "$(TARGET_NAME)";
				SWIFT_VERSION = 5.0;
				TARGETED_DEVICE_FAMILY = "1,2";
				TEST_TARGET_NAME = FollowMe;
			};
			name = Debug;
		};
		3A44980426BAA8A3001CB1C9 /* Release */ = {
			isa = XCBuildConfiguration;
			buildSettings = {
				ALWAYS_EMBED_SWIFT_STANDARD_LIBRARIES = YES;
				CODE_SIGN_STYLE = Automatic;
				DEVELOPMENT_TEAM = 4AL2UK5Z4U;
				INFOPLIST_FILE = FollowMeUITests/Info.plist;
				LD_RUNPATH_SEARCH_PATHS = (
					"$(inherited)",
					"@executable_path/Frameworks",
					"@loader_path/Frameworks",
				);
				PRODUCT_BUNDLE_IDENTIFIER = com.example.FollowMeUITests;
				PRODUCT_NAME = "$(TARGET_NAME)";
				SWIFT_VERSION = 5.0;
				TARGETED_DEVICE_FAMILY = "1,2";
				TEST_TARGET_NAME = FollowMe;
			};
			name = Release;
		};
/* End XCBuildConfiguration section */

/* Begin XCConfigurationList section */
		3A4497D226BAA89A001CB1C9 /* Build configuration list for PBXProject "FollowMe" */ = {
			isa = XCConfigurationList;
			buildConfigurations = (
				3A4497FA26BAA8A3001CB1C9 /* Debug */,
				3A4497FB26BAA8A3001CB1C9 /* Release */,
			);
			defaultConfigurationIsVisible = 0;
			defaultConfigurationName = Release;
		};
		3A4497FC26BAA8A3001CB1C9 /* Build configuration list for PBXNativeTarget "FollowMe" */ = {
			isa = XCConfigurationList;
			buildConfigurations = (
				3A4497FD26BAA8A3001CB1C9 /* Debug */,
				3A4497FE26BAA8A3001CB1C9 /* Release */,
			);
			defaultConfigurationIsVisible = 0;
			defaultConfigurationName = Release;
		};
		3A4497FF26BAA8A3001CB1C9 /* Build configuration list for PBXNativeTarget "FollowMeTests" */ = {
			isa = XCConfigurationList;
			buildConfigurations = (
				3A44980026BAA8A3001CB1C9 /* Debug */,
				3A44980126BAA8A3001CB1C9 /* Release */,
			);
			defaultConfigurationIsVisible = 0;
			defaultConfigurationName = Release;
		};
		3A44980226BAA8A3001CB1C9 /* Build configuration list for PBXNativeTarget "FollowMeUITests" */ = {
			isa = XCConfigurationList;
			buildConfigurations = (
				3A44980326BAA8A3001CB1C9 /* Debug */,
				3A44980426BAA8A3001CB1C9 /* Release */,
			);
			defaultConfigurationIsVisible = 0;
			defaultConfigurationName = Release;
		};
/* End XCConfigurationList section */
	};
	rootObject = 3A4497CF26BAA89A001CB1C9 /* Project object */;
}
